
Microsoft Visual Studio Solution File, Format Version 12.00
# Visual Studio Version 17
VisualStudioVersion = 17.14.36623.8 d17.14
MinimumVisualStudioVersion = 10.0.40219.1
Project("{FAE04EC0-301F-11D3-BF4B-00C04F79EFBC}") = "XMouse", "XMouse.csproj", "{0F0B6597-3433-80EC-159A-247EA1577701}"
EndProject
Global
	GlobalSection(SolutionConfigurationPlatforms) = preSolution
		Debug|Any CPU = Debug|Any CPU
		Release|Any CPU = Release|Any CPU
	EndGlobalSection
	GlobalSection(ProjectConfigurationPlatforms) = postSolution
		{0F0B6597-3433-80EC-159A-247EA1577701}.Debug|Any CPU.ActiveCfg = Debug|Any CPU
		{0F0B6597-3433-80EC-159A-247EA1577701}.Debug|Any CPU.Build.0 = Debug|Any CPU
		{0F0B6597-3433-80EC-159A-247EA1577701}.Release|Any CPU.ActiveCfg = Release|Any CPU
		{0F0B6597-3433-80EC-159A-247EA1577701}.Release|Any CPU.Build.0 = Release|Any CPU
	EndGlobalSection
	GlobalSection(SolutionProperties) = preSolution
		HideSolutionNode = FALSE
	EndGlobalSection
	GlobalSection(ExtensibilityGlobals) = postSolution
		SolutionGuid = {6E620EFE-C9B1-4860-9AA7-C45EFFFBF670}
	EndGlobalSection
EndGlobal
